// !$*UTF8*$!
{
	archiveVersion = 1;
	classes = {
	};
	objectVersion = 46;
	objects = {

/* Begin PBXBuildFile section */
		61A7781B1D109D5F0044381C /* AppDelegate.swift in Sources */ = {isa = PBXBuildFile; fileRef = 61A7781A1D109D5F0044381C /* AppDelegate.swift */; };
		61A7781D1D109D5F0044381C /* ViewController.swift in Sources */ = {isa = PBXBuildFile; fileRef = 61A7781C1D109D5F0044381C /* ViewController.swift */; };
		61A778201D109D5F0044381C /* Main.storyboard in Resources */ = {isa = PBXBuildFile; fileRef = 61A7781E1D109D5F0044381C /* Main.storyboard */; };
		61A778221D109D5F0044381C /* Assets.xcassets in Resources */ = {isa = PBXBuildFile; fileRef = 61A778211D109D5F0044381C /* Assets.xcassets */; };
		61A778251D109D5F0044381C /* LaunchScreen.storyboard in Resources */ = {isa = PBXBuildFile; fileRef = 61A778231D109D5F0044381C /* LaunchScreen.storyboard */; };
		61A778301D109D5F0044381C /* TipCalTests.swift in Sources */ = {isa = PBXBuildFile; fileRef = 61A7782F1D109D5F0044381C /* TipCalTests.swift */; };
		61A7783B1D109D5F0044381C /* TipCalUITests.swift in Sources */ = {isa = PBXBuildFile; fileRef = 61A7783A1D109D5F0044381C /* TipCalUITests.swift */; };
/* End PBXBuildFile section */

/* Begin PBXContainerItemProxy section */
		61A7782C1D109D5F0044381C /* PBXContainerItemProxy */ = {
			isa = PBXContainerItemProxy;
			containerPortal = 61A7780F1D109D5D0044381C /* Project object */;
			proxyType = 1;
			remoteGlobalIDString = 61A778161D109D5D0044381C;
			remoteInfo = TipCal;
		};
		61A778371D109D5F0044381C /* PBXContainerItemProxy */ = {
			isa = PBXContainerItemProxy;
			containerPortal = 61A7780F1D109D5D0044381C /* Project object */;
			proxyType = 1;
			remoteGlobalIDString = 61A778161D109D5D0044381C;
			remoteInfo = TipCal;
		};
/* End PBXContainerItemProxy section */

/* Begin PBXFileReference section */
		61A778171D109D5F0044381C /* TipCal.app */ = {isa = PBXFileReference; explicitFileType = wrapper.application; includeInIndex = 0; path = TipCal.app; sourceTree = BUILT_PRODUCTS_DIR; };
		61A7781A1D109D5F0044381C /* AppDelegate.swift */ = {isa = PBXFileReference; lastKnownFileType = sourcecode.swift; path = AppDelegate.swift; sourceTree = "<group>"; };
		61A7781C1D109D5F0044381C /* ViewController.swift */ = {isa = PBXFileReference; lastKnownFileType = sourcecode.swift; path = ViewController.swift; sourceTree = "<group>"; };
		61A7781F1D109D5F0044381C /* Base */ = {isa = PBXFileReference; lastKnownFileType = file.storyboard; name = Base; path = Base.lproj/Main.storyboard; sourceTree = "<group>"; };
		61A778211D109D5F0044381C /* Assets.xcassets */ = {isa = PBXFileReference; lastKnownFileType = folder.assetcatalog; path = Assets.xcassets; sourceTree = "<group>"; };
		61A778241D109D5F0044381C /* Base */ = {isa = PBXFileReference; lastKnownFileType = file.storyboard; name = Base; path = Base.lproj/LaunchScreen.storyboard; sourceTree = "<group>"; };
		61A778261D109D5F0044381C /* Info.plist */ = {isa = PBXFileReference; lastKnownFileType = text.plist.xml; path = Info.plist; sourceTree = "<group>"; };
		61A7782B1D109D5F0044381C /* TipCalTests.xctest */ = {isa = PBXFileReference; explicitFileType = wrapper.cfbundle; includeInIndex = 0; path = TipCalTests.xctest; sourceTree = BUILT_PRODUCTS_DIR; };
		61A7782F1D109D5F0044381C /* TipCalTests.swift */ = {isa = PBXFileReference; lastKnownFileType = sourcecode.swift; path = TipCalTests.swift; sourceTree = "<group>"; };
		61A778311D109D5F0044381C /* Info.plist */ = {isa = PBXFileReference; lastKnownFileType = text.plist.xml; path = Info.plist; sourceTree = "<group>"; };
		61A778361D109D5F0044381C /* TipCalUITests.xctest */ = {isa = PBXFileReference; explicitFileType = wrapper.cfbundle; includeInIndex = 0; path = TipCalUITests.xctest; sourceTree = BUILT_PRODUCTS_DIR; };
		61A7783A1D109D5F0044381C /* TipCalUITests.swift */ = {isa = PBXFileReference; lastKnownFileType = sourcecode.swift; path = TipCalUITests.swift; sourceTree = "<group>"; };
		61A7783C1D109D5F0044381C /* Info.plist */ = {isa = PBXFileReference; lastKnownFileType = text.plist.xml; path = Info.plist; sourceTree = "<group>"; };
/* End PBXFileReference section */

/* Begin PBXFrameworksBuildPhase section */
		61A778141D109D5D0044381C /* Frameworks */ = {
			isa = PBXFrameworksBuildPhase;
			buildActionMask = 2147483647;
			files = (
			);
			runOnlyForDeploymentPostprocessing = 0;
		};
		61A778281D109D5F0044381C /* Frameworks */ = {
			isa = PBXFrameworksBuildPhase;
			buildActionMask = 2147483647;
			files = (
			);
			runOnlyForDeploymentPostprocessing = 0;
		};
		61A778331D109D5F0044381C /* Frameworks */ = {
			isa = PBXFrameworksBuildPhase;
			buildActionMask = 2147483647;
			files = (
			);
			runOnlyForDeploymentPostprocessing = 0;
		};
/* End PBXFrameworksBuildPhase section */

/* Begin PBXGroup section */
		61A7780E1D109D5D0044381C = {
			isa = PBXGroup;
			children = (
				61A778191D109D5F0044381C /* TipCal */,
				61A7782E1D109D5F0044381C /* TipCalTests */,
				61A778391D109D5F0044381C /* TipCalUITests */,
				61A778181D109D5F0044381C /* Products */,
			);
			sourceTree = "<group>";
		};
		61A778181D109D5F0044381C /* Products */ = {
			isa = PBXGroup;
			children = (
				61A778171D109D5F0044381C /* TipCal.app */,
				61A7782B1D109D5F0044381C /* TipCalTests.xctest */,
				61A778361D109D5F0044381C /* TipCalUITests.xctest */,
			);
			name = Products;
			sourceTree = "<group>";
		};
		61A778191D109D5F0044381C /* TipCal */ = {
			isa = PBXGroup;
			children = (
				61A7781A1D109D5F0044381C /* AppDelegate.swift */,
				61A7781C1D109D5F0044381C /* ViewController.swift */,
				61A7781E1D109D5F0044381C /* Main.storyboard */,
				61A778211D109D5F0044381C /* Assets.xcassets */,
				61A778231D109D5F0044381C /* LaunchScreen.storyboard */,
				61A778261D109D5F0044381C /* Info.plist */,
			);
			path = TipCal;
			sourceTree = "<group>";
		};
		61A7782E1D109D5F0044381C /* TipCalTests */ = {
			isa = PBXGroup;
			children = (
				61A7782F1D109D5F0044381C /* TipCalTests.swift */,
				61A778311D109D5F0044381C /* Info.plist */,
			);
			path = TipCalTests;
			sourceTree = "<group>";
		};
		61A778391D109D5F0044381C /* TipCalUITests */ = {
			isa = PBXGroup;
			children = (
				61A7783A1D109D5F0044381C /* TipCalUITests.swift */,
				61A7783C1D109D5F0044381C /* Info.plist */,
			);
			path = TipCalUITests;
			sourceTree = "<group>";
		};
/* End PBXGroup section */

/* Begin PBXNativeTarget section */
		61A778161D109D5D0044381C /* TipCal */ = {
			isa = PBXNativeTarget;
			buildConfigurationList = 61A7783F1D109D5F0044381C /* Build configuration list for PBXNativeTarget "TipCal" */;
			buildPhases = (
				61A778131D109D5D0044381C /* Sources */,
				61A778141D109D5D0044381C /* Frameworks */,
				61A778151D109D5D0044381C /* Resources */,
			);
			buildRules = (
			);
			dependencies = (
			);
			name = TipCal;
			productName = TipCal;
			productReference = 61A778171D109D5F0044381C /* TipCal.app */;
			productType = "com.apple.product-type.application";
		};
		61A7782A1D109D5F0044381C /* TipCalTests */ = {
			isa = PBXNativeTarget;
			buildConfigurationList = 61A778421D109D5F0044381C /* Build configuration list for PBXNativeTarget "TipCalTests" */;
			buildPhases = (
				61A778271D109D5F0044381C /* Sources */,
				61A778281D109D5F0044381C /* Frameworks */,
				61A778291D109D5F0044381C /* Resources */,
			);
			buildRules = (
			);
			dependencies = (
				61A7782D1D109D5F0044381C /* PBXTargetDependency */,
			);
			name = TipCalTests;
			productName = TipCalTests;
			productReference = 61A7782B1D109D5F0044381C /* TipCalTests.xctest */;
			productType = "com.apple.product-type.bundle.unit-test";
		};
		61A778351D109D5F0044381C /* TipCalUITests */ = {
			isa = PBXNativeTarget;
			buildConfigurationList = 61A778451D109D5F0044381C /* Build configuration list for PBXNativeTarget "TipCalUITests" */;
			buildPhases = (
				61A778321D109D5F0044381C /* Sources */,
				61A778331D109D5F0044381C /* Frameworks */,
				61A778341D109D5F0044381C /* Resources */,
			);
			buildRules = (
			);
			dependencies = (
				61A778381D109D5F0044381C /* PBXTargetDependency */,
			);
			name = TipCalUITests;
			productName = TipCalUITests;
			productReference = 61A778361D109D5F0044381C /* TipCalUITests.xctest */;
			productType = "com.apple.product-type.bundle.ui-testing";
		};
/* End PBXNativeTarget section */

/* Begin PBXProject section */
		61A7780F1D109D5D0044381C /* Project object */ = {
			isa = PBXProject;
			attributes = {
				LastSwiftUpdateCheck = 0730;
				LastUpgradeCheck = 0730;
				ORGANIZATIONNAME = "Bonnie Nguyen";
				TargetAttributes = {
					61A778161D109D5D0044381C = {
						CreatedOnToolsVersion = 7.3.1;
						DevelopmentTeam = U63TPR2C89;
					};
					61A7782A1D109D5F0044381C = {
						CreatedOnToolsVersion = 7.3.1;
						TestTargetID = 61A778161D109D5D0044381C;
					};
					61A778351D109D5F0044381C = {
						CreatedOnToolsVersion = 7.3.1;
						TestTargetID = 61A778161D109D5D0044381C;
					};
				};
			};
			buildConfigurationList = 61A778121D109D5D0044381C /* Build configuration list for PBXProject "TipCal" */;
			compatibilityVersion = "Xcode 3.2";
			developmentRegion = English;
			hasScannedForEncodings = 0;
			knownRegions = (
				en,
				Base,
			);
			mainGroup = 61A7780E1D109D5D0044381C;
			productRefGroup = 61A778181D109D5F0044381C /* Products */;
			projectDirPath = "";
			projectRoot = "";
			targets = (
				61A778161D109D5D0044381C /* TipCal */,
				61A7782A1D109D5F0044381C /* TipCalTests */,
				61A778351D109D5F0044381C /* TipCalUITests */,
			);
		};
/* End PBXProject section */

/* Begin PBXResourcesBuildPhase section */
		61A778151D109D5D0044381C /* Resources */ = {
			isa = PBXResourcesBuildPhase;
			buildActionMask = 2147483647;
			files = (
				61A778251D109D5F0044381C /* LaunchScreen.storyboard in Resources */,
				61A778221D109D5F0044381C /* Assets.xcassets in Resources */,
				61A778201D109D5F0044381C /* Main.storyboard in Resources */,
			);
			runOnlyForDeploymentPostprocessing = 0;
		};
		61A778291D109D5F0044381C /* Resources */ = {
			isa = PBXResourcesBuildPhase;
			buildActionMask = 2147483647;
			files = (
			);
			runOnlyForDeploymentPostprocessing = 0;
		};
		61A778341D109D5F0044381C /* Resources */ = {
			isa = PBXResourcesBuildPhase;
			buildActionMask = 2147483647;
			files = (
			);
			runOnlyForDeploymentPostprocessing = 0;
		};
/* End PBXResourcesBuildPhase section */

/* Begin PBXSourcesBuildPhase section */
		61A778131D109D5D0044381C /* Sources */ = {
			isa = PBXSourcesBuildPhase;
			buildActionMask = 2147483647;
			files = (
				61A7781D1D109D5F0044381C /* ViewController.swift in Sources */,
				61A7781B1D109D5F0044381C /* AppDelegate.swift in Sources */,
			);
			runOnlyForDeploymentPostprocessing = 0;
		};
		61A778271D109D5F0044381C /* Sources */ = {
			isa = PBXSourcesBuildPhase;
			buildActionMask = 2147483647;
			files = (
				61A778301D109D5F0044381C /* TipCalTests.swift in Sources */,
			);
			runOnlyForDeploymentPostprocessing = 0;
		};
		61A778321D109D5F0044381C /* Sources */ = {
			isa = PBXSourcesBuildPhase;
			buildActionMask = 2147483647;
			files = (
				61A7783B1D109D5F0044381C /* TipCalUITests.swift in Sources */,
			);
			runOnlyForDeploymentPostprocessing = 0;
		};
/* End PBXSourcesBuildPhase section */

/* Begin PBXTargetDependency section */
		61A7782D1D109D5F0044381C /* PBXTargetDependency */ = {
			isa = PBXTargetDependency;
			target = 61A778161D109D5D0044381C /* TipCal */;
			targetProxy = 61A7782C1D109D5F0044381C /* PBXContainerItemProxy */;
		};
		61A778381D109D5F0044381C /* PBXTargetDependency */ = {
			isa = PBXTargetDependency;
			target = 61A778161D109D5D0044381C /* TipCal */;
			targetProxy = 61A778371D109D5F0044381C /* PBXContainerItemProxy */;
		};
/* End PBXTargetDependency section */

/* Begin PBXVariantGroup section */
		61A7781E1D109D5F0044381C /* Main.storyboard */ = {
			isa = PBXVariantGroup;
			children = (
				61A7781F1D109D5F0044381C /* Base */,
			);
			name = Main.storyboard;
			sourceTree = "<group>";
		};
		61A778231D109D5F0044381C /* LaunchScreen.storyboard */ = {
			isa = PBXVariantGroup;
			children = (
				61A778241D109D5F0044381C /* Base */,
			);
			name = LaunchScreen.storyboard;
			sourceTree = "<group>";
		};
/* End PBXVariantGroup section */

/* Begin XCBuildConfiguration section */
		61A7783D1D109D5F0044381C /* Debug */ = {
			isa = XCBuildConfiguration;
			buildSettings = {
				ALWAYS_SEARCH_USER_PATHS = NO;
				CLANG_ANALYZER_NONNULL = YES;
				CLANG_CXX_LANGUAGE_STANDARD = "gnu++0x";
				CLANG_CXX_LIBRARY = "libc++";
				CLANG_ENABLE_MODULES = YES;
				CLANG_ENABLE_OBJC_ARC = YES;
				CLANG_WARN_BOOL_CONVERSION = YES;
				CLANG_WARN_CONSTANT_CONVERSION = YES;
				CLANG_WARN_DIRECT_OBJC_ISA_USAGE = YES_ERROR;
				CLANG_WARN_EMPTY_BODY = YES;
				CLANG_WARN_ENUM_CONVERSION = YES;
				CLANG_WARN_INT_CONVERSION = YES;
				CLANG_WARN_OBJC_ROOT_CLASS = YES_ERROR;
				CLANG_WARN_UNREACHABLE_CODE = YES;
				CLANG_WARN__DUPLICATE_METHOD_MATCH = YES;
				"CODE_SIGN_IDENTITY[sdk=iphoneos*]" = "iPhone Developer";
				COPY_PHASE_STRIP = NO;
				DEBUG_INFORMATION_FORMAT = dwarf;
				ENABLE_STRICT_OBJC_MSGSEND = YES;
				ENABLE_TESTABILITY = YES;
				GCC_C_LANGUAGE_STANDARD = gnu99;
				GCC_DYNAMIC_NO_PIC = NO;
				GCC_NO_COMMON_BLOCKS = YES;
				GCC_OPTIMIZATION_LEVEL = 0;
				GCC_PREPROCESSOR_DEFINITIONS = (
					"DEBUG=1",
					"$(inherited)",
				);
				GCC_WARN_64_TO_32_BIT_CONVERSION = YES;
				GCC_WARN_ABOUT_RETURN_TYPE = YES_ERROR;
				GCC_WARN_UNDECLARED_SELECTOR = YES;
				GCC_WARN_UNINITIALIZED_AUTOS = YES_AGGRESSIVE;
				GCC_WARN_UNUSED_FUNCTION = YES;
				GCC_WARN_UNUSED_VARIABLE = YES;
				IPHONEOS_DEPLOYMENT_TARGET = 9.3;
				MTL_ENABLE_DEBUG_INFO = YES;
				ONLY_ACTIVE_ARCH = YES;
				SDKROOT = iphoneos;
				SWIFT_OPTIMIZATION_LEVEL = "-Onone";
			};
			name = Debug;
		};
		61A7783E1D109D5F0044381C /* Release */ = {
			isa = XCBuildConfiguration;
			buildSettings = {
				ALWAYS_SEARCH_USER_PATHS = NO;
				CLANG_ANALYZER_NONNULL = YES;
				CLANG_CXX_LANGUAGE_STANDARD = "gnu++0x";
				CLANG_CXX_LIBRARY = "libc++";
				CLANG_ENABLE_MODULES = YES;
				CLANG_ENABLE_OBJC_ARC = YES;
				CLANG_WARN_BOOL_CONVERSION = YES;
				CLANG_WARN_CONSTANT_CONVERSION = YES;
				CLANG_WARN_DIRECT_OBJC_ISA_USAGE = YES_ERROR;
				CLANG_WARN_EMPTY_BODY = YES;
				CLANG_WARN_ENUM_CONVERSION = YES;
				CLANG_WARN_INT_CONVERSION = YES;
				CLANG_WARN_OBJC_ROOT_CLASS = YES_ERROR;
				CLANG_WARN_UNREACHABLE_CODE = YES;
				CLANG_WARN__DUPLICATE_METHOD_MATCH = YES;
				"CODE_SIGN_IDENTITY[sdk=iphoneos*]" = "iPhone Developer";
				COPY_PHASE_STRIP = NO;
				DEBUG_INFORMATION_FORMAT = "dwarf-with-dsym";
				ENABLE_NS_ASSERTIONS = NO;
				ENABLE_STRICT_OBJC_MSGSEND = YES;
				GCC_C_LANGUAGE_STANDARD = gnu99;
				GCC_NO_COMMON_BLOCKS = YES;
				GCC_WARN_64_TO_32_BIT_CONVERSION = YES;
				GCC_WARN_ABOUT_RETURN_TYPE = YES_ERROR;
				GCC_WARN_UNDECLARED_SELECTOR = YES;
				GCC_WARN_UNINITIALIZED_AUTOS = YES_AGGRESSIVE;
				GCC_WARN_UNUSED_FUNCTION = YES;
				GCC_WARN_UNUSED_VARIABLE = YES;
				IPHONEOS_DEPLOYMENT_TARGET = 9.3;
				MTL_ENABLE_DEBUG_INFO = NO;
				SDKROOT = iphoneos;
				VALIDATE_PRODUCT = YES;
			};
			name = Release;
		};
		61A778401D109D5F0044381C /* Debug */ = {
			isa = XCBuildConfiguration;
			buildSettings = {
				ASSETCATALOG_COMPILER_APPICON_NAME = AppIcon;
				CODE_SIGN_IDENTITY = "iPhone Developer";
				"CODE_SIGN_IDENTITY[sdk=iphoneos*]" = "iPhone Developer";
				INFOPLIST_FILE = TipCal/Info.plist;
				LD_RUNPATH_SEARCH_PATHS = "$(inherited) @executable_path/Frameworks";
				PRODUCT_BUNDLE_IDENTIFIER = com.codepath.TipCal;
				PRODUCT_NAME = "$(TARGET_NAME)";
				PROVISIONING_PROFILE = "";
			};
			name = Debug;
		};
		61A778411D109D5F0044381C /* Release */ = {
			isa = XCBuildConfiguration;
			buildSettings = {
				ASSETCATALOG_COMPILER_APPICON_NAME = AppIcon;
				CODE_SIGN_IDENTITY = "iPhone Developer";
				"CODE_SIGN_IDENTITY[sdk=iphoneos*]" = "iPhone Developer";
				INFOPLIST_FILE = TipCal/Info.plist;
				LD_RUNPATH_SEARCH_PATHS = "$(inherited) @executable_path/Frameworks";
				PRODUCT_BUNDLE_IDENTIFIER = com.codepath.TipCal;
				PRODUCT_NAME = "$(TARGET_NAME)";
				PROVISIONING_PROFILE = "";
			};
			name = Release;
		};
		61A778431D109D5F0044381C /* Debug */ = {
			isa = XCBuildConfiguration;
			buildSettings = {
				BUNDLE_LOADER = "$(TEST_HOST)";
				INFOPLIST_FILE = TipCalTests/Info.plist;
				LD_RUNPATH_SEARCH_PATHS = "$(inherited) @executable_path/Frameworks @loader_path/Frameworks";
				PRODUCT_BUNDLE_IDENTIFIER = com.codepath.TipCalTests;
				PRODUCT_NAME = "$(TARGET_NAME)";
				TEST_HOST = "$(BUILT_PRODUCTS_DIR)/TipCal.app/TipCal";
			};
			name = Debug;
		};
		61A778441D109D5F0044381C /* Release */ = {
			isa = XCBuildConfiguration;
			buildSettings = {
				BUNDLE_LOADER = "$(TEST_HOST)";
				INFOPLIST_FILE = TipCalTests/Info.plist;
				LD_RUNPATH_SEARCH_PATHS = "$(inherited) @executable_path/Frameworks @loader_path/Frameworks";
				PRODUCT_BUNDLE_IDENTIFIER = com.codepath.TipCalTests;
				PRODUCT_NAME = "$(TARGET_NAME)";
				TEST_HOST = "$(BUILT_PRODUCTS_DIR)/TipCal.app/TipCal";
			};
			name = Release;
		};
		61A778461D109D5F0044381C /* Debug */ = {
			isa = XCBuildConfiguration;
			buildSettings = {
				INFOPLIST_FILE = TipCalUITests/Info.plist;
				LD_RUNPATH_SEARCH_PATHS = "$(inherited) @executable_path/Frameworks @loader_path/Frameworks";
				PRODUCT_BUNDLE_IDENTIFIER = com.codepath.TipCalUITests;
				PRODUCT_NAME = "$(TARGET_NAME)";
				TEST_TARGET_NAME = TipCal;
			};
			name = Debug;
		};
		61A778471D109D5F0044381C /* Release */ = {
			isa = XCBuildConfiguration;
			buildSettings = {
				INFOPLIST_FILE = TipCalUITests/Info.plist;
				LD_RUNPATH_SEARCH_PATHS = "$(inherited) @executable_path/Frameworks @loader_path/Frameworks";
				PRODUCT_BUNDLE_IDENTIFIER = com.codepath.TipCalUITests;
				PRODUCT_NAME = "$(TARGET_NAME)";
				TEST_TARGET_NAME = TipCal;
			};
			name = Release;
		};
/* End XCBuildConfiguration section */

/* Begin XCConfigurationList section */
		61A778121D109D5D0044381C /* Build configuration list for PBXProject "TipCal" */ = {
			isa = XCConfigurationList;
			buildConfigurations = (
				61A7783D1D109D5F0044381C /* Debug */,
				61A7783E1D109D5F0044381C /* Release */,
			);
			defaultConfigurationIsVisible = 0;
			defaultConfigurationName = Release;
		};
		61A7783F1D109D5F0044381C /* Build configuration list for PBXNativeTarget "TipCal" */ = {
			isa = XCConfigurationList;
			buildConfigurations = (
				61A778401D109D5F0044381C /* Debug */,
				61A778411D109D5F0044381C /* Release */,
			);
			defaultConfigurationIsVisible = 0;
			defaultConfigurationName = Release;
		};
		61A778421D109D5F0044381C /* Build configuration list for PBXNativeTarget "TipCalTests" */ = {
			isa = XCConfigurationList;
			buildConfigurations = (
				61A778431D109D5F0044381C /* Debug */,
				61A778441D109D5F0044381C /* Release */,
			);
			defaultConfigurationIsVisible = 0;
			defaultConfigurationName = Release;
		};
		61A778451D109D5F0044381C /* Build configuration list for PBXNativeTarget "TipCalUITests" */ = {
			isa = XCConfigurationList;
			buildConfigurations = (
				61A778461D109D5F0044381C /* Debug */,
				61A778471D109D5F0044381C /* Release */,
			);
			defaultConfigurationIsVisible = 0;
			defaultConfigurationName = Release;
		};
/* End XCConfigurationList section */
	};
	rootObject = 61A7780F1D109D5D0044381C /* Project object */;
}
